
Microsoft Visual Studio Solution File, Format Version 12.00
# Visual Studio Version 16
VisualStudioVersion = 16.0.31727.386
MinimumVisualStudioVersion = 10.0.40219.1
Project("{F184B08F-C81C-45F6-A57F-5ABD9991F28F}") = "Ass1_Program4", "Ass1_Program4\Ass1_Program4.vbproj", "{74397751-1CB6-4B06-A685-B7F069173E17}"
EndProject
Global
	GlobalSection(SolutionConfigurationPlatforms) = preSolution
		Debug|Any CPU = Debug|Any CPU
		Release|Any CPU = Release|Any CPU
	EndGlobalSection
	GlobalSection(ProjectConfigurationPlatforms) = postSolution
		{74397751-1CB6-4B06-A685-B7F069173E17}.Debug|Any CPU.ActiveCfg = Debug|Any CPU
		{74397751-1CB6-4B06-A685-B7F069173E17}.Debug|Any CPU.Build.0 = Debug|Any CPU
		{74397751-1CB6-4B06-A685-B7F069173E17}.Release|Any CPU.ActiveCfg = Release|Any CPU
		{74397751-1CB6-4B06-A685-B7F069173E17}.Release|Any CPU.Build.0 = Release|Any CPU
	EndGlobalSection
	GlobalSection(SolutionProperties) = preSolution
		HideSolutionNode = FALSE
	EndGlobalSection
	GlobalSection(ExtensibilityGlobals) = postSolution
		SolutionGuid = {7C8688D1-6DCD-4654-8B2E-C434E6D349E8}
	EndGlobalSection
EndGlobal
