
Microsoft Visual Studio Solution File, Format Version 12.00
# Visual Studio Version 16
VisualStudioVersion = 16.0.31727.386
MinimumVisualStudioVersion = 10.0.40219.1
Project("{F184B08F-C81C-45F6-A57F-5ABD9991F28F}") = "Ass1_Program9", "Ass1_Program9\Ass1_Program9.vbproj", "{CE05BA78-B0BF-474C-998B-BD8A3FE8DCFC}"
EndProject
Global
	GlobalSection(SolutionConfigurationPlatforms) = preSolution
		Debug|Any CPU = Debug|Any CPU
		Release|Any CPU = Release|Any CPU
	EndGlobalSection
	GlobalSection(ProjectConfigurationPlatforms) = postSolution
		{CE05BA78-B0BF-474C-998B-BD8A3FE8DCFC}.Debug|Any CPU.ActiveCfg = Debug|Any CPU
		{CE05BA78-B0BF-474C-998B-BD8A3FE8DCFC}.Debug|Any CPU.Build.0 = Debug|Any CPU
		{CE05BA78-B0BF-474C-998B-BD8A3FE8DCFC}.Release|Any CPU.ActiveCfg = Release|Any CPU
		{CE05BA78-B0BF-474C-998B-BD8A3FE8DCFC}.Release|Any CPU.Build.0 = Release|Any CPU
	EndGlobalSection
	GlobalSection(SolutionProperties) = preSolution
		HideSolutionNode = FALSE
	EndGlobalSection
	GlobalSection(ExtensibilityGlobals) = postSolution
		SolutionGuid = {7B6D705E-8EA7-4122-A183-14D8D89E3487}
	EndGlobalSection
EndGlobal
